PODS:
  - Coolog (0.2.0):
    - PocketSocket
  - PocketSocket (1.0.1):
    - PocketSocket/Client (= 1.0.1)
    - PocketSocket/Core (= 1.0.1)
    - PocketSocket/Server (= 1.0.1)
  - PocketSocket/Client (1.0.1):
    - PocketSocket/Core
  - PocketSocket/Core (1.0.1)
  - PocketSocket/Server (1.0.1):
    - PocketSocket/Client

DEPENDENCIES:
  - Coolog (from `../`)

SPEC REPOS:
  https://github.com/CocoaPods/Specs.git:
    - PocketSocket

EXTERNAL SOURCES:
  Coolog:
    :path: "../"

SPEC CHECKSUMS:
  Coolog: d2be65910d99b5d9b5b55afab30dde43fbf5c900
  PocketSocket: 9c6867d66fb4f962af96b9b07f4b45bb561b2c2a

PODFILE CHECKSUM: 627792d81617edd766034b1a3e3ea6e970d89025

COCOAPODS: 1.5.0
